
Microsoft Visual Studio Solution File, Format Version 11.00
# Visual Studio 2010
Project("{FAE04EC0-301F-11D3-BF4B-00C04F79EFBC}") = "Assembly-CSharp-firstpass", "Assembly-CSharp-firstpass.csproj", "{046d07d8-8405-1c91-500e-4ee0eea115a5}"
EndProject
Project("{FAE04EC0-301F-11D3-BF4B-00C04F79EFBC}") = "Assembly-CSharp", "Assembly-CSharp.csproj", "{d00934d6-089e-1c7c-daa1-6f53e21d362d}"
EndProject
Project("{FAE04EC0-301F-11D3-BF4B-00C04F79EFBC}") = "Assembly-CSharp-Editor-firstpass", "Assembly-CSharp-Editor-firstpass.csproj", "{e0d004ce-03a0-1518-bb7f-130f09384786}"
EndProject
Global
	GlobalSection(SolutionConfigurationPlatforms) = preSolution
		Debug|Any CPU = Debug|Any CPU
	EndGlobalSection
	GlobalSection(ProjectConfigurationPlatforms) = postSolution
		{046d07d8-8405-1c91-500e-4ee0eea115a5}.Debug|Any CPU.ActiveCfg = Debug|Any CPU
		{046d07d8-8405-1c91-500e-4ee0eea115a5}.Debug|Any CPU.Build.0 = Debug|Any CPU
		{d00934d6-089e-1c7c-daa1-6f53e21d362d}.Debug|Any CPU.ActiveCfg = Debug|Any CPU
		{d00934d6-089e-1c7c-daa1-6f53e21d362d}.Debug|Any CPU.Build.0 = Debug|Any CPU
		{e0d004ce-03a0-1518-bb7f-130f09384786}.Debug|Any CPU.ActiveCfg = Debug|Any CPU
		{e0d004ce-03a0-1518-bb7f-130f09384786}.Debug|Any CPU.Build.0 = Debug|Any CPU
	EndGlobalSection
	GlobalSection(SolutionProperties) = preSolution
		HideSolutionNode = FALSE
	EndGlobalSection
EndGlobal
